
Microsoft Visual Studio Solution File, Format Version 12.00
# Visual Studio Version 16
VisualStudioVersion = 16.0.30907.101
MinimumVisualStudioVersion = 10.0.40219.1
Project("{FAE04EC0-301F-11D3-BF4B-00C04F79EFBC}") = "Ejercicio 2", "Ejercicio 2.csproj", "{C0E929E0-0BDF-4106-86E8-5962D79A528B}"
EndProject
Global
	GlobalSection(SolutionConfigurationPlatforms) = preSolution
		Debug|Any CPU = Debug|Any CPU
		Release|Any CPU = Release|Any CPU
	EndGlobalSection
	GlobalSection(ProjectConfigurationPlatforms) = postSolution
		{C0E929E0-0BDF-4106-86E8-5962D79A528B}.Debug|Any CPU.ActiveCfg = Debug|Any CPU
		{C0E929E0-0BDF-4106-86E8-5962D79A528B}.Debug|Any CPU.Build.0 = Debug|Any CPU
		{C0E929E0-0BDF-4106-86E8-5962D79A528B}.Release|Any CPU.ActiveCfg = Release|Any CPU
		{C0E929E0-0BDF-4106-86E8-5962D79A528B}.Release|Any CPU.Build.0 = Release|Any CPU
	EndGlobalSection
	GlobalSection(SolutionProperties) = preSolution
		HideSolutionNode = FALSE
	EndGlobalSection
	GlobalSection(ExtensibilityGlobals) = postSolution
		SolutionGuid = {BCCDDAAB-F4DF-486F-B6EE-3BB42501F262}
	EndGlobalSection
EndGlobal
